
Microsoft Visual Studio Solution File, Format Version 12.00
# Visual Studio Version 16
VisualStudioVersion = 16.0.30204.135
MinimumVisualStudioVersion = 10.0.40219.1
Project("{9A19103F-16F7-4668-BE54-9A1E7A4F7556}") = "KS.NetTorch", "KS.NetTorch\KS.NetTorch.csproj", "{1760F05C-7F9B-47B5-B469-C0CCC95BE1AD}"
EndProject
Project("{9A19103F-16F7-4668-BE54-9A1E7A4F7556}") = "KS.NetTorch.Tests", "KS.NetTorch.Tests\KS.NetTorch.Tests.csproj", "{8DB0D864-96F1-491C-B7A7-CB7F7CEBE7BF}"
EndProject
Project("{2150E333-8FDC-42A3-9474-1A3956D46DE8}") = "Solution Items", "Solution Items", "{D3CB18A9-3CB1-4789-ADF5-C10E60B06839}"
	ProjectSection(SolutionItems) = preProject
		README.md = README.md
	EndProjectSection
EndProject
Global
	GlobalSection(SolutionConfigurationPlatforms) = preSolution
		Debug|Any CPU = Debug|Any CPU
		Release|Any CPU = Release|Any CPU
	EndGlobalSection
	GlobalSection(ProjectConfigurationPlatforms) = postSolution
		{1760F05C-7F9B-47B5-B469-C0CCC95BE1AD}.Debug|Any CPU.ActiveCfg = Debug|Any CPU
		{1760F05C-7F9B-47B5-B469-C0CCC95BE1AD}.Debug|Any CPU.Build.0 = Debug|Any CPU
		{1760F05C-7F9B-47B5-B469-C0CCC95BE1AD}.Release|Any CPU.ActiveCfg = Release|Any CPU
		{1760F05C-7F9B-47B5-B469-C0CCC95BE1AD}.Release|Any CPU.Build.0 = Release|Any CPU
		{8DB0D864-96F1-491C-B7A7-CB7F7CEBE7BF}.Debug|Any CPU.ActiveCfg = Debug|Any CPU
		{8DB0D864-96F1-491C-B7A7-CB7F7CEBE7BF}.Debug|Any CPU.Build.0 = Debug|Any CPU
		{8DB0D864-96F1-491C-B7A7-CB7F7CEBE7BF}.Release|Any CPU.ActiveCfg = Release|Any CPU
		{8DB0D864-96F1-491C-B7A7-CB7F7CEBE7BF}.Release|Any CPU.Build.0 = Release|Any CPU
	EndGlobalSection
	GlobalSection(SolutionProperties) = preSolution
		HideSolutionNode = FALSE
	EndGlobalSection
	GlobalSection(ExtensibilityGlobals) = postSolution
		SolutionGuid = {88B54AA0-0DD6-4559-993C-230546B2BB0E}
	EndGlobalSection
EndGlobal
